// !$*UTF8*$!
{
	archiveVersion = 1;
	classes = {
	};
	objectVersion = 47;
	objects = {

/* Begin PBXBuildFile section */
		B917BDAD174631E1004560BE /* NSArray+PCLExtensions.m in Sources */ = {isa = PBXBuildFile; fileRef = B962F41816795D140004221B /* NSArray+PCLExtensions.m */; };
		B917BDAE174631EE004560BE /* NSData+PCLExtensions.m in Sources */ = {isa = PBXBuildFile; fileRef = B927BDCB167A2665007EB59E /* NSData+PCLExtensions.m */; };
		B917BDAF174631EE004560BE /* NSDate+PCLExtensions.m in Sources */ = {isa = PBXBuildFile; fileRef = B927BDCD167A2665007EB59E /* NSDate+PCLExtensions.m */; };
		B917BDB0174631EE004560BE /* NSError+PCLExtensions.m in Sources */ = {isa = PBXBuildFile; fileRef = B962F41A16795D140004221B /* NSError+PCLExtensions.m */; };
		B917BDB1174631EE004560BE /* NSNotificationCenter+PCLExtensions.m in Sources */ = {isa = PBXBuildFile; fileRef = B927BDD3167A2665007EB59E /* NSNotificationCenter+PCLExtensions.m */; };
		B917BDB2174631EE004560BE /* NSObject+PCLExtensions.m in Sources */ = {isa = PBXBuildFile; fileRef = B927BDD5167A2665007EB59E /* NSObject+PCLExtensions.m */; };
		B917BDB3174631EE004560BE /* NSString+PCLExtensions.m in Sources */ = {isa = PBXBuildFile; fileRef = B962F41C16795D140004221B /* NSString+PCLExtensions.m */; };
		B917BDB4174631EE004560BE /* NSURL+PCLExtensions.m in Sources */ = {isa = PBXBuildFile; fileRef = B962F41E16795D140004221B /* NSURL+PCLExtensions.m */; };
		B917BDB5174631EE004560BE /* NSURLRequest+PCLExtensions.m in Sources */ = {isa = PBXBuildFile; fileRef = B927BDE3167A2665007EB59E /* NSURLRequest+PCLExtensions.m */; };
		B917BDBB17463213004560BE /* UIApplication+PCLExtensions.m in Sources */ = {isa = PBXBuildFile; fileRef = B962F42516795D140004221B /* UIApplication+PCLExtensions.m */; };
		B917BDBC17463213004560BE /* UIColor+PCLExtensions.m in Sources */ = {isa = PBXBuildFile; fileRef = B962F42716795D140004221B /* UIColor+PCLExtensions.m */; };
		B917BDBD17463213004560BE /* UIDevice+PCLExtensions.m in Sources */ = {isa = PBXBuildFile; fileRef = B962F42916795D140004221B /* UIDevice+PCLExtensions.m */; };
		B917BDBE17463213004560BE /* UIImage+PCLExtensions.m in Sources */ = {isa = PBXBuildFile; fileRef = B962F42B16795D140004221B /* UIImage+PCLExtensions.m */; };
		B917BDBF17463213004560BE /* UIView+PCLExtensions.m in Sources */ = {isa = PBXBuildFile; fileRef = B962F42D16795D140004221B /* UIView+PCLExtensions.m */; };
		B917BDC017463213004560BE /* UIViewConroller+PCLExtensions.m in Sources */ = {isa = PBXBuildFile; fileRef = B927BD97167A25AF007EB59E /* UIViewConroller+PCLExtensions.m */; };
		B96E931A174535050046690A /* PCLBackgroundTaskHandler.m in Sources */ = {isa = PBXBuildFile; fileRef = B96E92FF174535040046690A /* PCLBackgroundTaskHandler.m */; };
		B96E9326174535C10046690A /* PCLRestCommand.m in Sources */ = {isa = PBXBuildFile; fileRef = B96E9325174535C10046690A /* PCLRestCommand.m */; };
		B9B018B71B698684009A58D4 /* NSStringExtensionTests.m in Sources */ = {isa = PBXBuildFile; fileRef = B9B018B61B698684009A58D4 /* NSStringExtensionTests.m */; };
		B9B018E01B6A07CB009A58D4 /* libPublicCodeLibrary.a in Frameworks */ = {isa = PBXBuildFile; fileRef = B96E92DB17452BDA0046690A /* libPublicCodeLibrary.a */; };
		B9B0198B1B6A390D009A58D4 /* PCLRestCommand.h in Headers */ = {isa = PBXBuildFile; fileRef = B96E9324174535C10046690A /* PCLRestCommand.h */; settings = {ATTRIBUTES = (Private, ); }; };
		B9B0198C1B6A390D009A58D4 /* PCLDebugging.h in Headers */ = {isa = PBXBuildFile; fileRef = B96E92EB174534E30046690A /* PCLDebugging.h */; settings = {ATTRIBUTES = (Private, ); }; };
		B9B0198D1B6A390D009A58D4 /* PCLStrings.h in Headers */ = {isa = PBXBuildFile; fileRef = B96E9301174535050046690A /* PCLStrings.h */; settings = {ATTRIBUTES = (Private, ); }; };
		B9B0198E1B6A390D009A58D4 /* PCLTypeDefs.h in Headers */ = {isa = PBXBuildFile; fileRef = B96E9302174535050046690A /* PCLTypeDefs.h */; settings = {ATTRIBUTES = (Private, ); }; };
		B9B019901B6A390D009A58D4 /* PCLBackgroundTaskHandler.h in Headers */ = {isa = PBXBuildFile; fileRef = B96E92FE174535040046690A /* PCLBackgroundTaskHandler.h */; settings = {ATTRIBUTES = (Private, ); }; };
		B9B019911B6A390D009A58D4 /* NSArray+PCLExtensions.h in Headers */ = {isa = PBXBuildFile; fileRef = B962F41716795D140004221B /* NSArray+PCLExtensions.h */; settings = {ATTRIBUTES = (Private, ); }; };
		B9B019921B6A390D009A58D4 /* NSData+PCLExtensions.h in Headers */ = {isa = PBXBuildFile; fileRef = B927BDCA167A2665007EB59E /* NSData+PCLExtensions.h */; settings = {ATTRIBUTES = (Private, ); }; };
		B9B019931B6A390D009A58D4 /* NSDate+PCLExtensions.h in Headers */ = {isa = PBXBuildFile; fileRef = B927BDCC167A2665007EB59E /* NSDate+PCLExtensions.h */; settings = {ATTRIBUTES = (Private, ); }; };
		B9B019941B6A390D009A58D4 /* NSError+PCLExtensions.h in Headers */ = {isa = PBXBuildFile; fileRef = B962F41916795D140004221B /* NSError+PCLExtensions.h */; settings = {ATTRIBUTES = (Private, ); }; };
		B9B019951B6A390D009A58D4 /* NSNotificationCenter+PCLExtensions.h in Headers */ = {isa = PBXBuildFile; fileRef = B927BDD2167A2665007EB59E /* NSNotificationCenter+PCLExtensions.h */; settings = {ATTRIBUTES = (Private, ); }; };
		B9B019961B6A390D009A58D4 /* NSObject+PCLExtensions.h in Headers */ = {isa = PBXBuildFile; fileRef = B927BDD4167A2665007EB59E /* NSObject+PCLExtensions.h */; settings = {ATTRIBUTES = (Private, ); }; };
		B9B019971B6A390D009A58D4 /* NSString+PCLExtensions.h in Headers */ = {isa = PBXBuildFile; fileRef = B962F41B16795D140004221B /* NSString+PCLExtensions.h */; settings = {ATTRIBUTES = (Private, ); }; };
		B9B019981B6A390D009A58D4 /* NSURL+PCLExtensions.h in Headers */ = {isa = PBXBuildFile; fileRef = B962F41D16795D140004221B /* NSURL+PCLExtensions.h */; settings = {ATTRIBUTES = (Private, ); }; };
		B9B019991B6A390D009A58D4 /* NSURLRequest+PCLExtensions.h in Headers */ = {isa = PBXBuildFile; fileRef = B927BDE2167A2665007EB59E /* NSURLRequest+PCLExtensions.h */; settings = {ATTRIBUTES = (Private, ); }; };
		B9B0199A1B6A390D009A58D4 /* UIApplication+PCLExtensions.h in Headers */ = {isa = PBXBuildFile; fileRef = B962F42416795D140004221B /* UIApplication+PCLExtensions.h */; settings = {ATTRIBUTES = (Private, ); }; };
		B9B0199B1B6A390D009A58D4 /* UIColor+PCLExtensions.h in Headers */ = {isa = PBXBuildFile; fileRef = B962F42616795D140004221B /* UIColor+PCLExtensions.h */; settings = {ATTRIBUTES = (Private, ); }; };
		B9B0199C1B6A390D009A58D4 /* UIDevice+PCLExtensions.h in Headers */ = {isa = PBXBuildFile; fileRef = B962F42816795D140004221B /* UIDevice+PCLExtensions.h */; settings = {ATTRIBUTES = (Private, ); }; };
		B9B0199D1B6A390D009A58D4 /* UIImage+PCLExtensions.h in Headers */ = {isa = PBXBuildFile; fileRef = B962F42A16795D140004221B /* UIImage+PCLExtensions.h */; settings = {ATTRIBUTES = (Private, ); }; };
		B9B0199E1B6A390D009A58D4 /* UIView+PCLExtensions.h in Headers */ = {isa = PBXBuildFile; fileRef = B962F42C16795D140004221B /* UIView+PCLExtensions.h */; settings = {ATTRIBUTES = (Private, ); }; };
		B9B0199F1B6A390D009A58D4 /* UIViewConroller+PCLExtensions.h in Headers */ = {isa = PBXBuildFile; fileRef = B927BD96167A25AF007EB59E /* UIViewConroller+PCLExtensions.h */; settings = {ATTRIBUTES = (Private, ); }; };
		B9B019A21B6A3C56009A58D4 /* PublicCodeLibrary.h in Headers */ = {isa = PBXBuildFile; fileRef = B9B019081B6A31AC009A58D4 /* PublicCodeLibrary.h */; settings = {ATTRIBUTES = (Public, ); }; };
/* End PBXBuildFile section */

/* Begin PBXContainerItemProxy section */
		B9B018DE1B6A07C7009A58D4 /* PBXContainerItemProxy */ = {
			isa = PBXContainerItemProxy;
			containerPortal = B962F3F316795C800004221B /* Project object */;
			proxyType = 1;
			remoteGlobalIDString = B96E92DA17452BDA0046690A;
			remoteInfo = PublicCodeLibrary;
		};
/* End PBXContainerItemProxy section */

/* Begin PBXCopyFilesBuildPhase section */
		B96E92D917452BDA0046690A /* CopyFiles */ = {
			isa = PBXCopyFilesBuildPhase;
			buildActionMask = 2147483647;
			dstPath = "include/${PRODUCT_NAME}";
			dstSubfolderSpec = 16;
			files = (
			);
			runOnlyForDeploymentPostprocessing = 0;
		};
/* End PBXCopyFilesBuildPhase section */

/* Begin PBXFileReference section */
		B9028C031745438200058071 /* LICENSE */ = {isa = PBXFileReference; fileEncoding = 4; lastKnownFileType = text; path = LICENSE; sourceTree = SOURCE_ROOT; };
		B927BD96167A25AF007EB59E /* UIViewConroller+PCLExtensions.h */ = {isa = PBXFileReference; fileEncoding = 4; lastKnownFileType = sourcecode.c.h; path = "UIViewConroller+PCLExtensions.h"; sourceTree = "<group>"; };
		B927BD97167A25AF007EB59E /* UIViewConroller+PCLExtensions.m */ = {isa = PBXFileReference; fileEncoding = 4; lastKnownFileType = sourcecode.c.objc; path = "UIViewConroller+PCLExtensions.m"; sourceTree = "<group>"; };
		B927BDCA167A2665007EB59E /* NSData+PCLExtensions.h */ = {isa = PBXFileReference; fileEncoding = 4; lastKnownFileType = sourcecode.c.h; path = "NSData+PCLExtensions.h"; sourceTree = "<group>"; };
		B927BDCB167A2665007EB59E /* NSData+PCLExtensions.m */ = {isa = PBXFileReference; fileEncoding = 4; lastKnownFileType = sourcecode.c.objc; path = "NSData+PCLExtensions.m"; sourceTree = "<group>"; };
		B927BDCC167A2665007EB59E /* NSDate+PCLExtensions.h */ = {isa = PBXFileReference; fileEncoding = 4; lastKnownFileType = sourcecode.c.h; path = "NSDate+PCLExtensions.h"; sourceTree = "<group>"; };
		B927BDCD167A2665007EB59E /* NSDate+PCLExtensions.m */ = {isa = PBXFileReference; fileEncoding = 4; lastKnownFileType = sourcecode.c.objc; path = "NSDate+PCLExtensions.m"; sourceTree = "<group>"; };
		B927BDD2167A2665007EB59E /* NSNotificationCenter+PCLExtensions.h */ = {isa = PBXFileReference; fileEncoding = 4; lastKnownFileType = sourcecode.c.h; path = "NSNotificationCenter+PCLExtensions.h"; sourceTree = "<group>"; };
		B927BDD3167A2665007EB59E /* NSNotificationCenter+PCLExtensions.m */ = {isa = PBXFileReference; fileEncoding = 4; lastKnownFileType = sourcecode.c.objc; path = "NSNotificationCenter+PCLExtensions.m"; sourceTree = "<group>"; };
		B927BDD4167A2665007EB59E /* NSObject+PCLExtensions.h */ = {isa = PBXFileReference; fileEncoding = 4; lastKnownFileType = sourcecode.c.h; path = "NSObject+PCLExtensions.h"; sourceTree = "<group>"; };
		B927BDD5167A2665007EB59E /* NSObject+PCLExtensions.m */ = {isa = PBXFileReference; fileEncoding = 4; lastKnownFileType = sourcecode.c.objc; path = "NSObject+PCLExtensions.m"; sourceTree = "<group>"; };
		B927BDE2167A2665007EB59E /* NSURLRequest+PCLExtensions.h */ = {isa = PBXFileReference; fileEncoding = 4; lastKnownFileType = sourcecode.c.h; path = "NSURLRequest+PCLExtensions.h"; sourceTree = "<group>"; };
		B927BDE3167A2665007EB59E /* NSURLRequest+PCLExtensions.m */ = {isa = PBXFileReference; fileEncoding = 4; lastKnownFileType = sourcecode.c.objc; path = "NSURLRequest+PCLExtensions.m"; sourceTree = "<group>"; };
		B9387AF916796A9C000CB216 /* README.md */ = {isa = PBXFileReference; lastKnownFileType = text; path = README.md; sourceTree = SOURCE_ROOT; };
		B962F41716795D140004221B /* NSArray+PCLExtensions.h */ = {isa = PBXFileReference; fileEncoding = 4; lastKnownFileType = sourcecode.c.h; path = "NSArray+PCLExtensions.h"; sourceTree = "<group>"; };
		B962F41816795D140004221B /* NSArray+PCLExtensions.m */ = {isa = PBXFileReference; fileEncoding = 4; lastKnownFileType = sourcecode.c.objc; path = "NSArray+PCLExtensions.m"; sourceTree = "<group>"; };
		B962F41916795D140004221B /* NSError+PCLExtensions.h */ = {isa = PBXFileReference; fileEncoding = 4; lastKnownFileType = sourcecode.c.h; path = "NSError+PCLExtensions.h"; sourceTree = "<group>"; };
		B962F41A16795D140004221B /* NSError+PCLExtensions.m */ = {isa = PBXFileReference; fileEncoding = 4; lastKnownFileType = sourcecode.c.objc; path = "NSError+PCLExtensions.m"; sourceTree = "<group>"; };
		B962F41B16795D140004221B /* NSString+PCLExtensions.h */ = {isa = PBXFileReference; fileEncoding = 4; lastKnownFileType = sourcecode.c.h; path = "NSString+PCLExtensions.h"; sourceTree = "<group>"; };
		B962F41C16795D140004221B /* NSString+PCLExtensions.m */ = {isa = PBXFileReference; fileEncoding = 4; lastKnownFileType = sourcecode.c.objc; path = "NSString+PCLExtensions.m"; sourceTree = "<group>"; };
		B962F41D16795D140004221B /* NSURL+PCLExtensions.h */ = {isa = PBXFileReference; fileEncoding = 4; lastKnownFileType = sourcecode.c.h; path = "NSURL+PCLExtensions.h"; sourceTree = "<group>"; };
		B962F41E16795D140004221B /* NSURL+PCLExtensions.m */ = {isa = PBXFileReference; fileEncoding = 4; lastKnownFileType = sourcecode.c.objc; path = "NSURL+PCLExtensions.m"; sourceTree = "<group>"; };
		B962F42416795D140004221B /* UIApplication+PCLExtensions.h */ = {isa = PBXFileReference; fileEncoding = 4; lastKnownFileType = sourcecode.c.h; path = "UIApplication+PCLExtensions.h"; sourceTree = "<group>"; };
		B962F42516795D140004221B /* UIApplication+PCLExtensions.m */ = {isa = PBXFileReference; fileEncoding = 4; lastKnownFileType = sourcecode.c.objc; path = "UIApplication+PCLExtensions.m"; sourceTree = "<group>"; };
		B962F42616795D140004221B /* UIColor+PCLExtensions.h */ = {isa = PBXFileReference; fileEncoding = 4; lastKnownFileType = sourcecode.c.h; path = "UIColor+PCLExtensions.h"; sourceTree = "<group>"; };
		B962F42716795D140004221B /* UIColor+PCLExtensions.m */ = {isa = PBXFileReference; fileEncoding = 4; lastKnownFileType = sourcecode.c.objc; path = "UIColor+PCLExtensions.m"; sourceTree = "<group>"; };
		B962F42816795D140004221B /* UIDevice+PCLExtensions.h */ = {isa = PBXFileReference; fileEncoding = 4; lastKnownFileType = sourcecode.c.h; path = "UIDevice+PCLExtensions.h"; sourceTree = "<group>"; };
		B962F42916795D140004221B /* UIDevice+PCLExtensions.m */ = {isa = PBXFileReference; fileEncoding = 4; lastKnownFileType = sourcecode.c.objc; path = "UIDevice+PCLExtensions.m"; sourceTree = "<group>"; };
		B962F42A16795D140004221B /* UIImage+PCLExtensions.h */ = {isa = PBXFileReference; fileEncoding = 4; lastKnownFileType = sourcecode.c.h; path = "UIImage+PCLExtensions.h"; sourceTree = "<group>"; };
		B962F42B16795D140004221B /* UIImage+PCLExtensions.m */ = {isa = PBXFileReference; fileEncoding = 4; lastKnownFileType = sourcecode.c.objc; path = "UIImage+PCLExtensions.m"; sourceTree = "<group>"; };
		B962F42C16795D140004221B /* UIView+PCLExtensions.h */ = {isa = PBXFileReference; fileEncoding = 4; lastKnownFileType = sourcecode.c.h; path = "UIView+PCLExtensions.h"; sourceTree = "<group>"; };
		B962F42D16795D140004221B /* UIView+PCLExtensions.m */ = {isa = PBXFileReference; fileEncoding = 4; lastKnownFileType = sourcecode.c.objc; path = "UIView+PCLExtensions.m"; sourceTree = "<group>"; };
		B96E92DB17452BDA0046690A /* libPublicCodeLibrary.a */ = {isa = PBXFileReference; explicitFileType = archive.ar; includeInIndex = 0; path = libPublicCodeLibrary.a; sourceTree = BUILT_PRODUCTS_DIR; };
		B96E92EB174534E30046690A /* PCLDebugging.h */ = {isa = PBXFileReference; fileEncoding = 4; lastKnownFileType = sourcecode.c.h; name = PCLDebugging.h; path = Classes/PCLDebugging.h; sourceTree = SOURCE_ROOT; };
		B96E92FE174535040046690A /* PCLBackgroundTaskHandler.h */ = {isa = PBXFileReference; fileEncoding = 4; lastKnownFileType = sourcecode.c.h; name = PCLBackgroundTaskHandler.h; path = Classes/PCLBackgroundTaskHandler.h; sourceTree = SOURCE_ROOT; };
		B96E92FF174535040046690A /* PCLBackgroundTaskHandler.m */ = {isa = PBXFileReference; fileEncoding = 4; lastKnownFileType = sourcecode.c.objc; name = PCLBackgroundTaskHandler.m; path = Classes/PCLBackgroundTaskHandler.m; sourceTree = SOURCE_ROOT; };
		B96E9301174535050046690A /* PCLStrings.h */ = {isa = PBXFileReference; fileEncoding = 4; lastKnownFileType = sourcecode.c.h; name = PCLStrings.h; path = Classes/PCLStrings.h; sourceTree = SOURCE_ROOT; };
		B96E9302174535050046690A /* PCLTypeDefs.h */ = {isa = PBXFileReference; fileEncoding = 4; lastKnownFileType = sourcecode.c.h; name = PCLTypeDefs.h; path = Classes/PCLTypeDefs.h; sourceTree = SOURCE_ROOT; };
		B96E9303174535050046690A /* PublicCodeLibrary-Prefix.pch */ = {isa = PBXFileReference; fileEncoding = 4; lastKnownFileType = sourcecode.c.h; name = "PublicCodeLibrary-Prefix.pch"; path = "Classes/PublicCodeLibrary-Prefix.pch"; sourceTree = SOURCE_ROOT; };
		B96E93211745354E0046690A /* Info.plist */ = {isa = PBXFileReference; fileEncoding = 4; lastKnownFileType = text.plist.xml; name = Info.plist; path = Resources/Info.plist; sourceTree = SOURCE_ROOT; };
		B96E93231745356C0046690A /* en */ = {isa = PBXFileReference; lastKnownFileType = text.plist.strings; name = en; path = Resources/en.lproj/InfoPlist.strings; sourceTree = SOURCE_ROOT; };
		B96E9324174535C10046690A /* PCLRestCommand.h */ = {isa = PBXFileReference; fileEncoding = 4; lastKnownFileType = sourcecode.c.h; path = PCLRestCommand.h; sourceTree = "<group>"; };
		B96E9325174535C10046690A /* PCLRestCommand.m */ = {isa = PBXFileReference; fileEncoding = 4; lastKnownFileType = sourcecode.c.objc; path = PCLRestCommand.m; sourceTree = "<group>"; };
		B99FEB4718C72F7A005D3F1B /* PublicCodeLibrary.podspec */ = {isa = PBXFileReference; fileEncoding = 4; lastKnownFileType = text; path = PublicCodeLibrary.podspec; sourceTree = "<group>"; };
		B9B018B21B698684009A58D4 /* PublicCodeLibraryTests.xctest */ = {isa = PBXFileReference; explicitFileType = wrapper.cfbundle; includeInIndex = 0; path = PublicCodeLibraryTests.xctest; sourceTree = BUILT_PRODUCTS_DIR; };
		B9B018B51B698684009A58D4 /* Info.plist */ = {isa = PBXFileReference; lastKnownFileType = text.plist.xml; path = Info.plist; sourceTree = "<group>"; };
		B9B018B61B698684009A58D4 /* NSStringExtensionTests.m */ = {isa = PBXFileReference; lastKnownFileType = sourcecode.c.objc; path = NSStringExtensionTests.m; sourceTree = "<group>"; };
		B9B019081B6A31AC009A58D4 /* PublicCodeLibrary.h */ = {isa = PBXFileReference; lastKnownFileType = sourcecode.c.h; path = PublicCodeLibrary.h; sourceTree = "<group>"; };
/* End PBXFileReference section */

/* Begin PBXFrameworksBuildPhase section */
		B96E92D817452BDA0046690A /* Frameworks */ = {
			isa = PBXFrameworksBuildPhase;
			buildActionMask = 2147483647;
			files = (
			);
			runOnlyForDeploymentPostprocessing = 0;
		};
		B9B018AF1B698684009A58D4 /* Frameworks */ = {
			isa = PBXFrameworksBuildPhase;
			buildActionMask = 2147483647;
			files = (
				B9B018E01B6A07CB009A58D4 /* libPublicCodeLibrary.a in Frameworks */,
			);
			runOnlyForDeploymentPostprocessing = 0;
		};
/* End PBXFrameworksBuildPhase section */

/* Begin PBXGroup section */
		B9387AFB16796C92000CB216 /* Core */ = {
			isa = PBXGroup;
			children = (
				B96E92EB174534E30046690A /* PCLDebugging.h */,
				B96E9301174535050046690A /* PCLStrings.h */,
				B96E9302174535050046690A /* PCLTypeDefs.h */,
			);
			name = Core;
			sourceTree = "<group>";
		};
		B962F3F116795C800004221B = {
			isa = PBXGroup;
			children = (
				B962F40516795C810004221B /* PublicCodeLibrary */,
				B993AC8C167E416C003FE068 /* Supporting Files */,
				B99FEB4618C72F6D005D3F1B /* Podspec */,
				B9B018B31B698684009A58D4 /* PublicCodeLibraryTests */,
				B962F40116795C810004221B /* Products */,
			);
			sourceTree = "<group>";
		};
		B962F40116795C810004221B /* Products */ = {
			isa = PBXGroup;
			children = (
				B96E92DB17452BDA0046690A /* libPublicCodeLibrary.a */,
				B9B018B21B698684009A58D4 /* PublicCodeLibraryTests.xctest */,
			);
			name = Products;
			sourceTree = "<group>";
		};
		B962F40516795C810004221B /* PublicCodeLibrary */ = {
			isa = PBXGroup;
			children = (
				B9B019081B6A31AC009A58D4 /* PublicCodeLibrary.h */,
				B962F44816795E840004221B /* Backend */,
				B9387AFB16796C92000CB216 /* Core */,
				B962F44916795E980004221B /* Foundation */,
				B962F44A16795EC60004221B /* UI */,
			);
			name = PublicCodeLibrary;
			path = Classes;
			sourceTree = "<group>";
		};
		B962F44816795E840004221B /* Backend */ = {
			isa = PBXGroup;
			children = (
				B96E9324174535C10046690A /* PCLRestCommand.h */,
				B96E9325174535C10046690A /* PCLRestCommand.m */,
			);
			name = Backend;
			sourceTree = "<group>";
		};
		B962F44916795E980004221B /* Foundation */ = {
			isa = PBXGroup;
			children = (
				B96E92FE174535040046690A /* PCLBackgroundTaskHandler.h */,
				B96E92FF174535040046690A /* PCLBackgroundTaskHandler.m */,
				B9C1132516820CFA00DCA97A /* Categories */,
			);
			name = Foundation;
			sourceTree = "<group>";
		};
		B962F44A16795EC60004221B /* UI */ = {
			isa = PBXGroup;
			children = (
				B9C1132616820D0700DCA97A /* Categories */,
			);
			name = UI;
			sourceTree = "<group>";
		};
		B993AC8C167E416C003FE068 /* Supporting Files */ = {
			isa = PBXGroup;
			children = (
				B96E93221745356C0046690A /* InfoPlist.strings */,
				B96E93211745354E0046690A /* Info.plist */,
				B96E9303174535050046690A /* PublicCodeLibrary-Prefix.pch */,
				B9387AF916796A9C000CB216 /* README.md */,
				B9028C031745438200058071 /* LICENSE */,
			);
			name = "Supporting Files";
			path = Resources;
			sourceTree = "<group>";
		};
		B99FEB4618C72F6D005D3F1B /* Podspec */ = {
			isa = PBXGroup;
			children = (
				B99FEB4718C72F7A005D3F1B /* PublicCodeLibrary.podspec */,
			);
			name = Podspec;
			path = Classes;
			sourceTree = "<group>";
		};
		B9B018B31B698684009A58D4 /* PublicCodeLibraryTests */ = {
			isa = PBXGroup;
			children = (
				B9B018B61B698684009A58D4 /* NSStringExtensionTests.m */,
				B9B018B41B698684009A58D4 /* Supporting Files */,
			);
			path = PublicCodeLibraryTests;
			sourceTree = "<group>";
		};
		B9B018B41B698684009A58D4 /* Supporting Files */ = {
			isa = PBXGroup;
			children = (
				B9B018B51B698684009A58D4 /* Info.plist */,
			);
			name = "Supporting Files";
			sourceTree = "<group>";
		};
		B9C1132516820CFA00DCA97A /* Categories */ = {
			isa = PBXGroup;
			children = (
				B962F41716795D140004221B /* NSArray+PCLExtensions.h */,
				B962F41816795D140004221B /* NSArray+PCLExtensions.m */,
				B927BDCA167A2665007EB59E /* NSData+PCLExtensions.h */,
				B927BDCB167A2665007EB59E /* NSData+PCLExtensions.m */,
				B927BDCC167A2665007EB59E /* NSDate+PCLExtensions.h */,
				B927BDCD167A2665007EB59E /* NSDate+PCLExtensions.m */,
				B962F41916795D140004221B /* NSError+PCLExtensions.h */,
				B962F41A16795D140004221B /* NSError+PCLExtensions.m */,
				B927BDD2167A2665007EB59E /* NSNotificationCenter+PCLExtensions.h */,
				B927BDD3167A2665007EB59E /* NSNotificationCenter+PCLExtensions.m */,
				B927BDD4167A2665007EB59E /* NSObject+PCLExtensions.h */,
				B927BDD5167A2665007EB59E /* NSObject+PCLExtensions.m */,
				B962F41B16795D140004221B /* NSString+PCLExtensions.h */,
				B962F41C16795D140004221B /* NSString+PCLExtensions.m */,
				B962F41D16795D140004221B /* NSURL+PCLExtensions.h */,
				B962F41E16795D140004221B /* NSURL+PCLExtensions.m */,
				B927BDE2167A2665007EB59E /* NSURLRequest+PCLExtensions.h */,
				B927BDE3167A2665007EB59E /* NSURLRequest+PCLExtensions.m */,
			);
			name = Categories;
			sourceTree = "<group>";
		};
		B9C1132616820D0700DCA97A /* Categories */ = {
			isa = PBXGroup;
			children = (
				B962F42416795D140004221B /* UIApplication+PCLExtensions.h */,
				B962F42516795D140004221B /* UIApplication+PCLExtensions.m */,
				B962F42616795D140004221B /* UIColor+PCLExtensions.h */,
				B962F42716795D140004221B /* UIColor+PCLExtensions.m */,
				B962F42816795D140004221B /* UIDevice+PCLExtensions.h */,
				B962F42916795D140004221B /* UIDevice+PCLExtensions.m */,
				B962F42A16795D140004221B /* UIImage+PCLExtensions.h */,
				B962F42B16795D140004221B /* UIImage+PCLExtensions.m */,
				B962F42C16795D140004221B /* UIView+PCLExtensions.h */,
				B962F42D16795D140004221B /* UIView+PCLExtensions.m */,
				B927BD96167A25AF007EB59E /* UIViewConroller+PCLExtensions.h */,
				B927BD97167A25AF007EB59E /* UIViewConroller+PCLExtensions.m */,
			);
			name = Categories;
			sourceTree = "<group>";
		};
/* End PBXGroup section */

/* Begin PBXHeadersBuildPhase section */
		B9B0198A1B6A38F5009A58D4 /* Headers */ = {
			isa = PBXHeadersBuildPhase;
			buildActionMask = 2147483647;
			files = (
				B9B0198B1B6A390D009A58D4 /* PCLRestCommand.h in Headers */,
				B9B0198C1B6A390D009A58D4 /* PCLDebugging.h in Headers */,
				B9B0198D1B6A390D009A58D4 /* PCLStrings.h in Headers */,
				B9B0198E1B6A390D009A58D4 /* PCLTypeDefs.h in Headers */,
				B9B019901B6A390D009A58D4 /* PCLBackgroundTaskHandler.h in Headers */,
				B9B019911B6A390D009A58D4 /* NSArray+PCLExtensions.h in Headers */,
				B9B019921B6A390D009A58D4 /* NSData+PCLExtensions.h in Headers */,
				B9B019931B6A390D009A58D4 /* NSDate+PCLExtensions.h in Headers */,
				B9B019941B6A390D009A58D4 /* NSError+PCLExtensions.h in Headers */,
				B9B019951B6A390D009A58D4 /* NSNotificationCenter+PCLExtensions.h in Headers */,
				B9B019961B6A390D009A58D4 /* NSObject+PCLExtensions.h in Headers */,
				B9B019971B6A390D009A58D4 /* NSString+PCLExtensions.h in Headers */,
				B9B019981B6A390D009A58D4 /* NSURL+PCLExtensions.h in Headers */,
				B9B019991B6A390D009A58D4 /* NSURLRequest+PCLExtensions.h in Headers */,
				B9B0199A1B6A390D009A58D4 /* UIApplication+PCLExtensions.h in Headers */,
				B9B019A21B6A3C56009A58D4 /* PublicCodeLibrary.h in Headers */,
				B9B0199B1B6A390D009A58D4 /* UIColor+PCLExtensions.h in Headers */,
				B9B0199C1B6A390D009A58D4 /* UIDevice+PCLExtensions.h in Headers */,
				B9B0199D1B6A390D009A58D4 /* UIImage+PCLExtensions.h in Headers */,
				B9B0199E1B6A390D009A58D4 /* UIView+PCLExtensions.h in Headers */,
				B9B0199F1B6A390D009A58D4 /* UIViewConroller+PCLExtensions.h in Headers */,
			);
			runOnlyForDeploymentPostprocessing = 0;
		};
/* End PBXHeadersBuildPhase section */

/* Begin PBXNativeTarget section */
		B96E92DA17452BDA0046690A /* PublicCodeLibrary */ = {
			isa = PBXNativeTarget;
			buildConfigurationList = B96E92E417452BDA0046690A /* Build configuration list for PBXNativeTarget "PublicCodeLibrary" */;
			buildPhases = (
				B96E92D717452BDA0046690A /* Sources */,
				B96E92D817452BDA0046690A /* Frameworks */,
				B9B0198A1B6A38F5009A58D4 /* Headers */,
				B96E92D917452BDA0046690A /* CopyFiles */,
			);
			buildRules = (
			);
			dependencies = (
			);
			name = PublicCodeLibrary;
			productName = PublicCodeLibrary;
			productReference = B96E92DB17452BDA0046690A /* libPublicCodeLibrary.a */;
			productType = "com.apple.product-type.library.static";
		};
		B9B018B11B698684009A58D4 /* PublicCodeLibraryTests */ = {
			isa = PBXNativeTarget;
			buildConfigurationList = B9B018BD1B698684009A58D4 /* Build configuration list for PBXNativeTarget "PublicCodeLibraryTests" */;
			buildPhases = (
				B9B018AE1B698684009A58D4 /* Sources */,
				B9B018AF1B698684009A58D4 /* Frameworks */,
				B9B018B01B698684009A58D4 /* Resources */,
			);
			buildRules = (
			);
			dependencies = (
				B9B018DF1B6A07C7009A58D4 /* PBXTargetDependency */,
			);
			name = PublicCodeLibraryTests;
			productName = PublicCodeLibrary_Tests;
			productReference = B9B018B21B698684009A58D4 /* PublicCodeLibraryTests.xctest */;
			productType = "com.apple.product-type.bundle.unit-test";
		};
/* End PBXNativeTarget section */

/* Begin PBXProject section */
		B962F3F316795C800004221B /* Project object */ = {
			isa = PBXProject;
			attributes = {
				CLASSPREFIX = PCL;
				LastUpgradeCheck = 0450;
				ORGANIZATIONNAME = "Stefan Herold";
				TargetAttributes = {
					B9B018B11B698684009A58D4 = {
						CreatedOnToolsVersion = 6.4;
					};
				};
			};
			buildConfigurationList = B962F3F616795C800004221B /* Build configuration list for PBXProject "PublicCodeLibrary" */;
			compatibilityVersion = "Xcode 6.3";
			developmentRegion = English;
			hasScannedForEncodings = 0;
			knownRegions = (
				en,
			);
			mainGroup = B962F3F116795C800004221B;
			productRefGroup = B962F40116795C810004221B /* Products */;
			projectDirPath = "";
			projectRoot = "";
			targets = (
				B96E92DA17452BDA0046690A /* PublicCodeLibrary */,
				B9B018B11B698684009A58D4 /* PublicCodeLibraryTests */,
			);
		};
/* End PBXProject section */

/* Begin PBXResourcesBuildPhase section */
		B9B018B01B698684009A58D4 /* Resources */ = {
			isa = PBXResourcesBuildPhase;
			buildActionMask = 2147483647;
			files = (
			);
			runOnlyForDeploymentPostprocessing = 0;
		};
/* End PBXResourcesBuildPhase section */

/* Begin PBXSourcesBuildPhase section */
		B96E92D717452BDA0046690A /* Sources */ = {
			isa = PBXSourcesBuildPhase;
			buildActionMask = 2147483647;
			files = (
				B96E931A174535050046690A /* PCLBackgroundTaskHandler.m in Sources */,
				B96E9326174535C10046690A /* PCLRestCommand.m in Sources */,
				B917BDAD174631E1004560BE /* NSArray+PCLExtensions.m in Sources */,
				B917BDAE174631EE004560BE /* NSData+PCLExtensions.m in Sources */,
				B917BDAF174631EE004560BE /* NSDate+PCLExtensions.m in Sources */,
				B917BDB0174631EE004560BE /* NSError+PCLExtensions.m in Sources */,
				B917BDB1174631EE004560BE /* NSNotificationCenter+PCLExtensions.m in Sources */,
				B917BDB2174631EE004560BE /* NSObject+PCLExtensions.m in Sources */,
				B917BDB3174631EE004560BE /* NSString+PCLExtensions.m in Sources */,
				B917BDB4174631EE004560BE /* NSURL+PCLExtensions.m in Sources */,
				B917BDB5174631EE004560BE /* NSURLRequest+PCLExtensions.m in Sources */,
				B917BDBB17463213004560BE /* UIApplication+PCLExtensions.m in Sources */,
				B917BDBC17463213004560BE /* UIColor+PCLExtensions.m in Sources */,
				B917BDBD17463213004560BE /* UIDevice+PCLExtensions.m in Sources */,
				B917BDBE17463213004560BE /* UIImage+PCLExtensions.m in Sources */,
				B917BDBF17463213004560BE /* UIView+PCLExtensions.m in Sources */,
				B917BDC017463213004560BE /* UIViewConroller+PCLExtensions.m in Sources */,
			);
			runOnlyForDeploymentPostprocessing = 0;
		};
		B9B018AE1B698684009A58D4 /* Sources */ = {
			isa = PBXSourcesBuildPhase;
			buildActionMask = 2147483647;
			files = (
				B9B018B71B698684009A58D4 /* NSStringExtensionTests.m in Sources */,
			);
			runOnlyForDeploymentPostprocessing = 0;
		};
/* End PBXSourcesBuildPhase section */

/* Begin PBXTargetDependency section */
		B9B018DF1B6A07C7009A58D4 /* PBXTargetDependency */ = {
			isa = PBXTargetDependency;
			target = B96E92DA17452BDA0046690A /* PublicCodeLibrary */;
			targetProxy = B9B018DE1B6A07C7009A58D4 /* PBXContainerItemProxy */;
		};
/* End PBXTargetDependency section */

/* Begin PBXVariantGroup section */
		B96E93221745356C0046690A /* InfoPlist.strings */ = {
			isa = PBXVariantGroup;
			children = (
				B96E93231745356C0046690A /* en */,
			);
			name = InfoPlist.strings;
			sourceTree = "<group>";
		};
/* End PBXVariantGroup section */

/* Begin XCBuildConfiguration section */
		B962F40C16795C810004221B /* Debug */ = {
			isa = XCBuildConfiguration;
			buildSettings = {
				ALWAYS_SEARCH_USER_PATHS = NO;
				CLANG_ENABLE_OBJC_ARC = YES;
				CLANG_WARN_EMPTY_BODY = YES;
				CLANG_WARN__DUPLICATE_METHOD_MATCH = YES;
				COPY_PHASE_STRIP = NO;
				GCC_DYNAMIC_NO_PIC = NO;
				GCC_OPTIMIZATION_LEVEL = 0;
				GCC_PREPROCESSOR_DEFINITIONS = (
					"DEBUG=1",
					"$(inherited)",
				);
				GCC_SYMBOLS_PRIVATE_EXTERN = NO;
				GCC_WARN_ABOUT_RETURN_TYPE = YES;
				GCC_WARN_UNINITIALIZED_AUTOS = YES;
				GCC_WARN_UNUSED_VARIABLE = YES;
				IPHONEOS_DEPLOYMENT_TARGET = 7.0;
				ONLY_ACTIVE_ARCH = YES;
				SDKROOT = iphoneos;
			};
			name = Debug;
		};
		B962F40D16795C810004221B /* Release */ = {
			isa = XCBuildConfiguration;
			buildSettings = {
				ALWAYS_SEARCH_USER_PATHS = NO;
				CLANG_ENABLE_OBJC_ARC = YES;
				CLANG_WARN_EMPTY_BODY = YES;
				CLANG_WARN__DUPLICATE_METHOD_MATCH = YES;
				COPY_PHASE_STRIP = YES;
				GCC_WARN_ABOUT_RETURN_TYPE = YES;
				GCC_WARN_UNINITIALIZED_AUTOS = YES;
				GCC_WARN_UNUSED_VARIABLE = YES;
				IPHONEOS_DEPLOYMENT_TARGET = 7.0;
				SDKROOT = iphoneos;
				VALIDATE_PRODUCT = YES;
			};
			name = Release;
		};
		B96E92E517452BDA0046690A /* Debug */ = {
			isa = XCBuildConfiguration;
			buildSettings = {
				CLANG_ENABLE_MODULES = YES;
				CLANG_WARN_CONSTANT_CONVERSION = YES;
				CLANG_WARN_ENUM_CONVERSION = YES;
				CLANG_WARN_INT_CONVERSION = YES;
				DSTROOT = /tmp/PublicCodeLibrary.dst;
				GCC_PRECOMPILE_PREFIX_HEADER = YES;
				GCC_PREFIX_HEADER = "Classes/PublicCodeLibrary-Prefix.pch";
				INFOPLIST_FILE = Resources/Info.plist;
				LD_RUNPATH_SEARCH_PATHS = "$(inherited) @executable_path/Frameworks @loader_path/Frameworks";
				OTHER_LDFLAGS = "-ObjC";
				PRODUCT_NAME = PublicCodeLibrary;
				SKIP_INSTALL = YES;
				SWIFT_OPTIMIZATION_LEVEL = "-Onone";
			};
			name = Debug;
		};
		B96E92E617452BDA0046690A /* Release */ = {
			isa = XCBuildConfiguration;
			buildSettings = {
				CLANG_ENABLE_MODULES = YES;
				CLANG_WARN_CONSTANT_CONVERSION = YES;
				CLANG_WARN_ENUM_CONVERSION = YES;
				CLANG_WARN_INT_CONVERSION = YES;
				DSTROOT = /tmp/PublicCodeLibrary.dst;
				GCC_PRECOMPILE_PREFIX_HEADER = YES;
				GCC_PREFIX_HEADER = "Classes/PublicCodeLibrary-Prefix.pch";
				INFOPLIST_FILE = Resources/Info.plist;
				LD_RUNPATH_SEARCH_PATHS = "$(inherited) @executable_path/Frameworks @loader_path/Frameworks";
				OTHER_LDFLAGS = "-ObjC";
				PRODUCT_NAME = PublicCodeLibrary;
				SKIP_INSTALL = YES;
			};
			name = Release;
		};
		B9B018BB1B698684009A58D4 /* Debug */ = {
			isa = XCBuildConfiguration;
			buildSettings = {
				CLANG_ENABLE_MODULES = YES;
				CLANG_WARN_BOOL_CONVERSION = YES;
				CLANG_WARN_CONSTANT_CONVERSION = YES;
				CLANG_WARN_DIRECT_OBJC_ISA_USAGE = YES_ERROR;
				CLANG_WARN_ENUM_CONVERSION = YES;
				CLANG_WARN_INT_CONVERSION = YES;
				CLANG_WARN_OBJC_ROOT_CLASS = YES_ERROR;
				CLANG_WARN_UNREACHABLE_CODE = YES;
				DEBUG_INFORMATION_FORMAT = "dwarf-with-dsym";
				ENABLE_STRICT_OBJC_MSGSEND = YES;
				FRAMEWORK_SEARCH_PATHS = (
					"$(SDKROOT)/Developer/Library/Frameworks",
					"$(inherited)",
				);
				GCC_NO_COMMON_BLOCKS = YES;
				GCC_PREPROCESSOR_DEFINITIONS = (
					"DEBUG=1",
					"$(inherited)",
				);
				GCC_WARN_64_TO_32_BIT_CONVERSION = YES;
				GCC_WARN_ABOUT_RETURN_TYPE = YES_ERROR;
				GCC_WARN_UNDECLARED_SELECTOR = YES;
				GCC_WARN_UNINITIALIZED_AUTOS = YES_AGGRESSIVE;
				GCC_WARN_UNUSED_FUNCTION = YES;
				INFOPLIST_FILE = PublicCodeLibraryTests/Info.plist;
				IPHONEOS_DEPLOYMENT_TARGET = 8.4;
				LD_RUNPATH_SEARCH_PATHS = "$(inherited) @executable_path/Frameworks @loader_path/Frameworks";
				MTL_ENABLE_DEBUG_INFO = YES;
				OTHER_LDFLAGS = (
					"$(inherited)",
					"-framework",
					XCTest,
					"-all_load",
				);
				PRODUCT_NAME = "$(TARGET_NAME)";
			};
			name = Debug;
		};
		B9B018BC1B698684009A58D4 /* Release */ = {
			isa = XCBuildConfiguration;
			buildSettings = {
				CLANG_ENABLE_MODULES = YES;
				CLANG_WARN_BOOL_CONVERSION = YES;
				CLANG_WARN_CONSTANT_CONVERSION = YES;
				CLANG_WARN_DIRECT_OBJC_ISA_USAGE = YES_ERROR;
				CLANG_WARN_ENUM_CONVERSION = YES;
				CLANG_WARN_INT_CONVERSION = YES;
				CLANG_WARN_OBJC_ROOT_CLASS = YES_ERROR;
				CLANG_WARN_UNREACHABLE_CODE = YES;
				COPY_PHASE_STRIP = NO;
				DEBUG_INFORMATION_FORMAT = "dwarf-with-dsym";
				ENABLE_NS_ASSERTIONS = NO;
				ENABLE_STRICT_OBJC_MSGSEND = YES;
				FRAMEWORK_SEARCH_PATHS = (
					"$(SDKROOT)/Developer/Library/Frameworks",
					"$(inherited)",
				);
				GCC_NO_COMMON_BLOCKS = YES;
				GCC_WARN_64_TO_32_BIT_CONVERSION = YES;
				GCC_WARN_ABOUT_RETURN_TYPE = YES_ERROR;
				GCC_WARN_UNDECLARED_SELECTOR = YES;
				GCC_WARN_UNINITIALIZED_AUTOS = YES_AGGRESSIVE;
				GCC_WARN_UNUSED_FUNCTION = YES;
				INFOPLIST_FILE = PublicCodeLibraryTests/Info.plist;
				IPHONEOS_DEPLOYMENT_TARGET = 8.4;
				LD_RUNPATH_SEARCH_PATHS = "$(inherited) @executable_path/Frameworks @loader_path/Frameworks";
				MTL_ENABLE_DEBUG_INFO = NO;
				OTHER_LDFLAGS = (
					"$(inherited)",
					"-framework",
					XCTest,
					"-all_load",
				);
				PRODUCT_NAME = "$(TARGET_NAME)";
			};
			name = Release;
		};
/* End XCBuildConfiguration section */

/* Begin XCConfigurationList section */
		B962F3F616795C800004221B /* Build configuration list for PBXProject "PublicCodeLibrary" */ = {
			isa = XCConfigurationList;
			buildConfigurations = (
				B962F40C16795C810004221B /* Debug */,
				B962F40D16795C810004221B /* Release */,
			);
			defaultConfigurationIsVisible = 0;
			defaultConfigurationName = Release;
		};
		B96E92E417452BDA0046690A /* Build configuration list for PBXNativeTarget "PublicCodeLibrary" */ = {
			isa = XCConfigurationList;
			buildConfigurations = (
				B96E92E517452BDA0046690A /* Debug */,
				B96E92E617452BDA0046690A /* Release */,
			);
			defaultConfigurationIsVisible = 0;
			defaultConfigurationName = Release;
		};
		B9B018BD1B698684009A58D4 /* Build configuration list for PBXNativeTarget "PublicCodeLibraryTests" */ = {
			isa = XCConfigurationList;
			buildConfigurations = (
				B9B018BB1B698684009A58D4 /* Debug */,
				B9B018BC1B698684009A58D4 /* Release */,
			);
			defaultConfigurationIsVisible = 0;
		};
/* End XCConfigurationList section */
	};
	rootObject = B962F3F316795C800004221B /* Project object */;
}
